{
  "name": "gerenciador-tarefas",
  "lockfileVersion": 2,
  "requires": true,
  "packages": {
    "": {
      "dependencies": {
        "solid-toast": "^0.5.0"
      }
    },
    "node_modules/csstype": {
      "version": "3.1.3",
      "resolved": "https://registry.npmjs.org/csstype/-/csstype-3.1.3.tgz",
      "integrity": "sha512-M1uQkMl8rQK/szD0LNhtqxIPLpimGm8sOBwU7lLnCpSbTyY3yeU1Vc7l4KT5zT4s/yOxHH5O7tIuuLOCnLADRw==",
      "peer": true
    },
    "node_modules/seroval": {
      "version": "1.0.4",
      "resolved": "https://registry.npmjs.org/seroval/-/seroval-1.0.4.tgz",
      "integrity": "sha512-qQs/N+KfJu83rmszFQaTxcoJoPn6KNUruX4KmnmyD0oZkUoiNvJ1rpdYKDf4YHM05k+HOgCxa3yvf15QbVijGg==",
      "peer": true,
      "engines": {
        "node": ">=10"
      }
    },
    "node_modules/seroval-plugins": {
      "version": "1.0.4",
      "resolved": "https://registry.npmjs.org/seroval-plugins/-/seroval-plugins-1.0.4.tgz",
      "integrity": "sha512-DQ2IK6oQVvy8k+c2V5x5YCtUa/GGGsUwUBNN9UqohrZ0rWdUapBFpNMYP1bCyRHoxOJjdKGl+dieacFIpU/i1A==",
      "peer": true,
      "engines": {
        "node": ">=10"
      },
      "peerDependencies": {
        "seroval": "^1.0"
      }
    },
    "node_modules/solid-js": {
      "version": "1.8.15",
      "resolved": "https://registry.npmjs.org/solid-js/-/solid-js-1.8.15.tgz",
      "integrity": "sha512-d0QP/efr3UVcwGgWVPveQQ0IHOH6iU7yUhc2piy8arNG8wxKmvUy1kFxyF8owpmfCWGB87usDKMaVnsNYZm+Vw==",
      "peer": true,
      "dependencies": {
        "csstype": "^3.1.0",
        "seroval": "^1.0.3",
        "seroval-plugins": "^1.0.3"
      }
    },
    "node_modules/solid-toast": {
      "version": "0.5.0",
      "resolved": "https://registry.npmjs.org/solid-toast/-/solid-toast-0.5.0.tgz",
      "integrity": "sha512-t770JakjyS2P9b8Qa1zMLOD51KYKWXbTAyJePVUoYex5c5FH5S/HtUBUbZAWFcqRCKmAE8KhyIiCvDZA8bOnxQ==",
      "peerDependencies": {
        "solid-js": "^1.5.4"
      }
    }
  },
  "dependencies": {
    "csstype": {
      "version": "3.1.3",
      "resolved": "https://registry.npmjs.org/csstype/-/csstype-3.1.3.tgz",
      "integrity": "sha512-M1uQkMl8rQK/szD0LNhtqxIPLpimGm8sOBwU7lLnCpSbTyY3yeU1Vc7l4KT5zT4s/yOxHH5O7tIuuLOCnLADRw==",
      "peer": true
    },
    "seroval": {
      "version": "1.0.4",
      "resolved": "https://registry.npmjs.org/seroval/-/seroval-1.0.4.tgz",
      "integrity": "sha512-qQs/N+KfJu83rmszFQaTxcoJoPn6KNUruX4KmnmyD0oZkUoiNvJ1rpdYKDf4YHM05k+HOgCxa3yvf15QbVijGg==",
      "peer": true
    },
    "seroval-plugins": {
      "version": "1.0.4",
      "resolved": "https://registry.npmjs.org/seroval-plugins/-/seroval-plugins-1.0.4.tgz",
      "integrity": "sha512-DQ2IK6oQVvy8k+c2V5x5YCtUa/GGGsUwUBNN9UqohrZ0rWdUapBFpNMYP1bCyRHoxOJjdKGl+dieacFIpU/i1A==",
      "peer": true,
      "requires": {}
    },
    "solid-js": {
      "version": "1.8.15",
      "resolved": "https://registry.npmjs.org/solid-js/-/solid-js-1.8.15.tgz",
      "integrity": "sha512-d0QP/efr3UVcwGgWVPveQQ0IHOH6iU7yUhc2piy8arNG8wxKmvUy1kFxyF8owpmfCWGB87usDKMaVnsNYZm+Vw==",
      "peer": true,
      "requires": {
        "csstype": "^3.1.0",
        "seroval": "^1.0.3",
        "seroval-plugins": "^1.0.3"
      }
    },
    "solid-toast": {
      "version": "0.5.0",
      "resolved": "https://registry.npmjs.org/solid-toast/-/solid-toast-0.5.0.tgz",
      "integrity": "sha512-t770JakjyS2P9b8Qa1zMLOD51KYKWXbTAyJePVUoYex5c5FH5S/HtUBUbZAWFcqRCKmAE8KhyIiCvDZA8bOnxQ==",
      "requires": {}
    }
  }
}
